// !$*UTF8*$!
{
	archiveVersion = 1;
	classes = {
	};
	objectVersion = 56;
	objects = {

/* Begin PBXBuildFile section */
		A47285BE2C13FC29003DDC64 /* AppDelegate.swift in Sources */ = {isa = PBXBuildFile; fileRef = A47285BD2C13FC29003DDC64 /* AppDelegate.swift */; };
		A47285C02C13FC29003DDC64 /* SceneDelegate.swift in Sources */ = {isa = PBXBuildFile; fileRef = A47285BF2C13FC29003DDC64 /* SceneDelegate.swift */; };
		A47285C52C13FC29003DDC64 /* Base in Resources */ = {isa = PBXBuildFile; fileRef = A47285C42C13FC29003DDC64 /* Base */; };
		A47285C72C13FC2B003DDC64 /* Assets.xcassets in Resources */ = {isa = PBXBuildFile; fileRef = A47285C62C13FC2B003DDC64 /* Assets.xcassets */; };
		A47285CA2C13FC2B003DDC64 /* Base in Resources */ = {isa = PBXBuildFile; fileRef = A47285C92C13FC2B003DDC64 /* Base */; };
		A47286192C13FE52003DDC64 /* BankTests.swift in Sources */ = {isa = PBXBuildFile; fileRef = A47286182C13FE52003DDC64 /* BankTests.swift */; };
		A47286222C1402AA003DDC64 /* MainTabBarController.swift in Sources */ = {isa = PBXBuildFile; fileRef = A47286212C1402AA003DDC64 /* MainTabBarController.swift */; };
		A47286242C1402E0003DDC64 /* MainTabBar.swift in Sources */ = {isa = PBXBuildFile; fileRef = A47286232C1402E0003DDC64 /* MainTabBar.swift */; };
		A47286262C1405F7003DDC64 /* ExColor.swift in Sources */ = {isa = PBXBuildFile; fileRef = A47286252C1405F7003DDC64 /* ExColor.swift */; };
		A472862A2C140CA6003DDC64 /* HomeViewController.swift in Sources */ = {isa = PBXBuildFile; fileRef = A47286292C140CA6003DDC64 /* HomeViewController.swift */; };
		A472862C2C140D4E003DDC64 /* StaticFunctions.swift in Sources */ = {isa = PBXBuildFile; fileRef = A472862B2C140D4E003DDC64 /* StaticFunctions.swift */; };
		A472862E2C140DC2003DDC64 /* ExStaticFunctions.swift in Sources */ = {isa = PBXBuildFile; fileRef = A472862D2C140DC2003DDC64 /* ExStaticFunctions.swift */; };
		A47286302C140DF3003DDC64 /* ExImage.swift in Sources */ = {isa = PBXBuildFile; fileRef = A472862F2C140DF3003DDC64 /* ExImage.swift */; };
		A47286322C140E24003DDC64 /* ExUISearchBar.swift in Sources */ = {isa = PBXBuildFile; fileRef = A47286312C140E24003DDC64 /* ExUISearchBar.swift */; };
		A47286342C140EB2003DDC64 /* ExUIView.swift in Sources */ = {isa = PBXBuildFile; fileRef = A47286332C140EB2003DDC64 /* ExUIView.swift */; };
/* End PBXBuildFile section */

/* Begin PBXContainerItemProxy section */
		A472861A2C13FE52003DDC64 /* PBXContainerItemProxy */ = {
			isa = PBXContainerItemProxy;
			containerPortal = A47285B22C13FC29003DDC64 /* Project object */;
			proxyType = 1;
			remoteGlobalIDString = A47285B92C13FC29003DDC64;
			remoteInfo = Bank;
		};
/* End PBXContainerItemProxy section */

/* Begin PBXFileReference section */
		A47285BA2C13FC29003DDC64 /* Bank.app */ = {isa = PBXFileReference; explicitFileType = wrapper.application; includeInIndex = 0; path = Bank.app; sourceTree = BUILT_PRODUCTS_DIR; };
		A47285BD2C13FC29003DDC64 /* AppDelegate.swift */ = {isa = PBXFileReference; lastKnownFileType = sourcecode.swift; path = AppDelegate.swift; sourceTree = "<group>"; };
		A47285BF2C13FC29003DDC64 /* SceneDelegate.swift */ = {isa = PBXFileReference; lastKnownFileType = sourcecode.swift; path = SceneDelegate.swift; sourceTree = "<group>"; };
		A47285C42C13FC29003DDC64 /* Base */ = {isa = PBXFileReference; lastKnownFileType = file.storyboard; name = Base; path = Base.lproj/Main.storyboard; sourceTree = "<group>"; };
		A47285C62C13FC2B003DDC64 /* Assets.xcassets */ = {isa = PBXFileReference; lastKnownFileType = folder.assetcatalog; path = Assets.xcassets; sourceTree = "<group>"; };
		A47285C92C13FC2B003DDC64 /* Base */ = {isa = PBXFileReference; lastKnownFileType = file.storyboard; name = Base; path = Base.lproj/LaunchScreen.storyboard; sourceTree = "<group>"; };
		A47285CB2C13FC2B003DDC64 /* Info.plist */ = {isa = PBXFileReference; lastKnownFileType = text.plist.xml; path = Info.plist; sourceTree = "<group>"; };
		A47286162C13FE52003DDC64 /* BankTests.xctest */ = {isa = PBXFileReference; explicitFileType = wrapper.cfbundle; includeInIndex = 0; path = BankTests.xctest; sourceTree = BUILT_PRODUCTS_DIR; };
		A47286182C13FE52003DDC64 /* BankTests.swift */ = {isa = PBXFileReference; lastKnownFileType = sourcecode.swift; path = BankTests.swift; sourceTree = "<group>"; };
		A47286212C1402AA003DDC64 /* MainTabBarController.swift */ = {isa = PBXFileReference; lastKnownFileType = sourcecode.swift; path = MainTabBarController.swift; sourceTree = "<group>"; };
		A47286232C1402E0003DDC64 /* MainTabBar.swift */ = {isa = PBXFileReference; lastKnownFileType = sourcecode.swift; path = MainTabBar.swift; sourceTree = "<group>"; };
		A47286252C1405F7003DDC64 /* ExColor.swift */ = {isa = PBXFileReference; lastKnownFileType = sourcecode.swift; path = ExColor.swift; sourceTree = "<group>"; };
		A47286292C140CA6003DDC64 /* HomeViewController.swift */ = {isa = PBXFileReference; lastKnownFileType = sourcecode.swift; path = HomeViewController.swift; sourceTree = "<group>"; };
		A472862B2C140D4E003DDC64 /* StaticFunctions.swift */ = {isa = PBXFileReference; lastKnownFileType = sourcecode.swift; path = StaticFunctions.swift; sourceTree = "<group>"; };
		A472862D2C140DC2003DDC64 /* ExStaticFunctions.swift */ = {isa = PBXFileReference; lastKnownFileType = sourcecode.swift; path = ExStaticFunctions.swift; sourceTree = "<group>"; };
		A472862F2C140DF3003DDC64 /* ExImage.swift */ = {isa = PBXFileReference; lastKnownFileType = sourcecode.swift; path = ExImage.swift; sourceTree = "<group>"; };
		A47286312C140E24003DDC64 /* ExUISearchBar.swift */ = {isa = PBXFileReference; lastKnownFileType = sourcecode.swift; path = ExUISearchBar.swift; sourceTree = "<group>"; };
		A47286332C140EB2003DDC64 /* ExUIView.swift */ = {isa = PBXFileReference; lastKnownFileType = sourcecode.swift; path = ExUIView.swift; sourceTree = "<group>"; };
/* End PBXFileReference section */

/* Begin PBXFrameworksBuildPhase section */
		A47285B72C13FC29003DDC64 /* Frameworks */ = {
			isa = PBXFrameworksBuildPhase;
			buildActionMask = 2147483647;
			files = (
			);
			runOnlyForDeploymentPostprocessing = 0;
		};
		A47286132C13FE52003DDC64 /* Frameworks */ = {
			isa = PBXFrameworksBuildPhase;
			buildActionMask = 2147483647;
			files = (
			);
			runOnlyForDeploymentPostprocessing = 0;
		};
/* End PBXFrameworksBuildPhase section */

/* Begin PBXGroup section */
		A47285B12C13FC29003DDC64 = {
			isa = PBXGroup;
			children = (
				A47285BC2C13FC29003DDC64 /* Bank */,
				A47286172C13FE52003DDC64 /* BankTests */,
				A47285BB2C13FC29003DDC64 /* Products */,
			);
			sourceTree = "<group>";
		};
		A47285BB2C13FC29003DDC64 /* Products */ = {
			isa = PBXGroup;
			children = (
				A47285BA2C13FC29003DDC64 /* Bank.app */,
				A47286162C13FE52003DDC64 /* BankTests.xctest */,
			);
			name = Products;
			sourceTree = "<group>";
		};
		A47285BC2C13FC29003DDC64 /* Bank */ = {
			isa = PBXGroup;
			children = (
				A47285BD2C13FC29003DDC64 /* AppDelegate.swift */,
				A47285BF2C13FC29003DDC64 /* SceneDelegate.swift */,
				A47285C32C13FC29003DDC64 /* Main.storyboard */,
				A47285C62C13FC2B003DDC64 /* Assets.xcassets */,
				A47285C82C13FC2B003DDC64 /* LaunchScreen.storyboard */,
				A47285CB2C13FC2B003DDC64 /* Info.plist */,
				A47285D32C13FD60003DDC64 /* Controllers */,
				A47285D42C13FD8F003DDC64 /* Views */,
				A47285D12C13FD42003DDC64 /* Models */,
				A47285D22C13FD50003DDC64 /* ViewModels */,
				A47285D52C13FDA8003DDC64 /* Services */,
				A47286202C13FFE7003DDC64 /* Utilities */,
				A472861F2C13FFA6003DDC64 /* Extensions */,
			);
			path = Bank;
			sourceTree = "<group>";
		};
		A47285D12C13FD42003DDC64 /* Models */ = {
			isa = PBXGroup;
			children = (
			);
			path = Models;
			sourceTree = "<group>";
		};
		A47285D22C13FD50003DDC64 /* ViewModels */ = {
			isa = PBXGroup;
			children = (
			);
			path = ViewModels;
			sourceTree = "<group>";
		};
		A47285D32C13FD60003DDC64 /* Controllers */ = {
			isa = PBXGroup;
			children = (
				A47286212C1402AA003DDC64 /* MainTabBarController.swift */,
				A47286292C140CA6003DDC64 /* HomeViewController.swift */,
			);
			path = Controllers;
			sourceTree = "<group>";
		};
		A47285D42C13FD8F003DDC64 /* Views */ = {
			isa = PBXGroup;
			children = (
				A47286232C1402E0003DDC64 /* MainTabBar.swift */,
			);
			path = Views;
			sourceTree = "<group>";
		};
		A47285D52C13FDA8003DDC64 /* Services */ = {
			isa = PBXGroup;
			children = (
			);
			path = Services;
			sourceTree = "<group>";
		};
		A47286172C13FE52003DDC64 /* BankTests */ = {
			isa = PBXGroup;
			children = (
				A47286182C13FE52003DDC64 /* BankTests.swift */,
			);
			path = BankTests;
			sourceTree = "<group>";
		};
		A472861F2C13FFA6003DDC64 /* Extensions */ = {
			isa = PBXGroup;
			children = (
				A47286252C1405F7003DDC64 /* ExColor.swift */,
				A472862F2C140DF3003DDC64 /* ExImage.swift */,
				A47286312C140E24003DDC64 /* ExUISearchBar.swift */,
				A47286332C140EB2003DDC64 /* ExUIView.swift */,
			);
			path = Extensions;
			sourceTree = "<group>";
		};
		A47286202C13FFE7003DDC64 /* Utilities */ = {
			isa = PBXGroup;
			children = (
				A472862B2C140D4E003DDC64 /* StaticFunctions.swift */,
				A472862D2C140DC2003DDC64 /* ExStaticFunctions.swift */,
			);
			path = Utilities;
			sourceTree = "<group>";
		};
/* End PBXGroup section */

/* Begin PBXNativeTarget section */
		A47285B92C13FC29003DDC64 /* Bank */ = {
			isa = PBXNativeTarget;
			buildConfigurationList = A47285CE2C13FC2B003DDC64 /* Build configuration list for PBXNativeTarget "Bank" */;
			buildPhases = (
				A47285B62C13FC29003DDC64 /* Sources */,
				A47285B72C13FC29003DDC64 /* Frameworks */,
				A47285B82C13FC29003DDC64 /* Resources */,
			);
			buildRules = (
			);
			dependencies = (
			);
			name = Bank;
			productName = Bank;
			productReference = A47285BA2C13FC29003DDC64 /* Bank.app */;
			productType = "com.apple.product-type.application";
		};
		A47286152C13FE52003DDC64 /* BankTests */ = {
			isa = PBXNativeTarget;
			buildConfigurationList = A472861C2C13FE52003DDC64 /* Build configuration list for PBXNativeTarget "BankTests" */;
			buildPhases = (
				A47286122C13FE52003DDC64 /* Sources */,
				A47286132C13FE52003DDC64 /* Frameworks */,
				A47286142C13FE52003DDC64 /* Resources */,
			);
			buildRules = (
			);
			dependencies = (
				A472861B2C13FE52003DDC64 /* PBXTargetDependency */,
			);
			name = BankTests;
			productName = BankTests;
			productReference = A47286162C13FE52003DDC64 /* BankTests.xctest */;
			productType = "com.apple.product-type.bundle.unit-test";
		};
/* End PBXNativeTarget section */

/* Begin PBXProject section */
		A47285B22C13FC29003DDC64 /* Project object */ = {
			isa = PBXProject;
			attributes = {
				BuildIndependentTargetsInParallel = 1;
				LastSwiftUpdateCheck = 1530;
				LastUpgradeCheck = 1530;
				TargetAttributes = {
					A47285B92C13FC29003DDC64 = {
						CreatedOnToolsVersion = 15.3;
					};
					A47286152C13FE52003DDC64 = {
						CreatedOnToolsVersion = 15.3;
						TestTargetID = A47285B92C13FC29003DDC64;
					};
				};
			};
			buildConfigurationList = A47285B52C13FC29003DDC64 /* Build configuration list for PBXProject "Bank" */;
			compatibilityVersion = "Xcode 14.0";
			developmentRegion = en;
			hasScannedForEncodings = 0;
			knownRegions = (
				en,
				Base,
			);
			mainGroup = A47285B12C13FC29003DDC64;
			productRefGroup = A47285BB2C13FC29003DDC64 /* Products */;
			projectDirPath = "";
			projectRoot = "";
			targets = (
				A47285B92C13FC29003DDC64 /* Bank */,
				A47286152C13FE52003DDC64 /* BankTests */,
			);
		};
/* End PBXProject section */

/* Begin PBXResourcesBuildPhase section */
		A47285B82C13FC29003DDC64 /* Resources */ = {
			isa = PBXResourcesBuildPhase;
			buildActionMask = 2147483647;
			files = (
				A47285C72C13FC2B003DDC64 /* Assets.xcassets in Resources */,
				A47285CA2C13FC2B003DDC64 /* Base in Resources */,
				A47285C52C13FC29003DDC64 /* Base in Resources */,
			);
			runOnlyForDeploymentPostprocessing = 0;
		};
		A47286142C13FE52003DDC64 /* Resources */ = {
			isa = PBXResourcesBuildPhase;
			buildActionMask = 2147483647;
			files = (
			);
			runOnlyForDeploymentPostprocessing = 0;
		};
/* End PBXResourcesBuildPhase section */

/* Begin PBXSourcesBuildPhase section */
		A47285B62C13FC29003DDC64 /* Sources */ = {
			isa = PBXSourcesBuildPhase;
			buildActionMask = 2147483647;
			files = (
				A472862E2C140DC2003DDC64 /* ExStaticFunctions.swift in Sources */,
				A47285BE2C13FC29003DDC64 /* AppDelegate.swift in Sources */,
				A47286222C1402AA003DDC64 /* MainTabBarController.swift in Sources */,
				A47286242C1402E0003DDC64 /* MainTabBar.swift in Sources */,
				A47286322C140E24003DDC64 /* ExUISearchBar.swift in Sources */,
				A472862C2C140D4E003DDC64 /* StaticFunctions.swift in Sources */,
				A47286342C140EB2003DDC64 /* ExUIView.swift in Sources */,
				A47286262C1405F7003DDC64 /* ExColor.swift in Sources */,
				A47285C02C13FC29003DDC64 /* SceneDelegate.swift in Sources */,
				A472862A2C140CA6003DDC64 /* HomeViewController.swift in Sources */,
				A47286302C140DF3003DDC64 /* ExImage.swift in Sources */,
			);
			runOnlyForDeploymentPostprocessing = 0;
		};
		A47286122C13FE52003DDC64 /* Sources */ = {
			isa = PBXSourcesBuildPhase;
			buildActionMask = 2147483647;
			files = (
				A47286192C13FE52003DDC64 /* BankTests.swift in Sources */,
			);
			runOnlyForDeploymentPostprocessing = 0;
		};
/* End PBXSourcesBuildPhase section */

/* Begin PBXTargetDependency section */
		A472861B2C13FE52003DDC64 /* PBXTargetDependency */ = {
			isa = PBXTargetDependency;
			target = A47285B92C13FC29003DDC64 /* Bank */;
			targetProxy = A472861A2C13FE52003DDC64 /* PBXContainerItemProxy */;
		};
/* End PBXTargetDependency section */

/* Begin PBXVariantGroup section */
		A47285C32C13FC29003DDC64 /* Main.storyboard */ = {
			isa = PBXVariantGroup;
			children = (
				A47285C42C13FC29003DDC64 /* Base */,
			);
			name = Main.storyboard;
			sourceTree = "<group>";
		};
		A47285C82C13FC2B003DDC64 /* LaunchScreen.storyboard */ = {
			isa = PBXVariantGroup;
			children = (
				A47285C92C13FC2B003DDC64 /* Base */,
			);
			name = LaunchScreen.storyboard;
			sourceTree = "<group>";
		};
/* End PBXVariantGroup section */

/* Begin XCBuildConfiguration section */
		A47285CC2C13FC2B003DDC64 /* Debug */ = {
			isa = XCBuildConfiguration;
			buildSettings = {
				ALWAYS_SEARCH_USER_PATHS = NO;
				ASSETCATALOG_COMPILER_GENERATE_SWIFT_ASSET_SYMBOL_EXTENSIONS = YES;
				CLANG_ANALYZER_NONNULL = YES;
				CLANG_ANALYZER_NUMBER_OBJECT_CONVERSION = YES_AGGRESSIVE;
				CLANG_CXX_LANGUAGE_STANDARD = "gnu++20";
				CLANG_ENABLE_MODULES = YES;
				CLANG_ENABLE_OBJC_ARC = YES;
				CLANG_ENABLE_OBJC_WEAK = YES;
				CLANG_WARN_BLOCK_CAPTURE_AUTORELEASING = YES;
				CLANG_WARN_BOOL_CONVERSION = YES;
				CLANG_WARN_COMMA = YES;
				CLANG_WARN_CONSTANT_CONVERSION = YES;
				CLANG_WARN_DEPRECATED_OBJC_IMPLEMENTATIONS = YES;
				CLANG_WARN_DIRECT_OBJC_ISA_USAGE = YES_ERROR;
				CLANG_WARN_DOCUMENTATION_COMMENTS = YES;
				CLANG_WARN_EMPTY_BODY = YES;
				CLANG_WARN_ENUM_CONVERSION = YES;
				CLANG_WARN_INFINITE_RECURSION = YES;
				CLANG_WARN_INT_CONVERSION = YES;
				CLANG_WARN_NON_LITERAL_NULL_CONVERSION = YES;
				CLANG_WARN_OBJC_IMPLICIT_RETAIN_SELF = YES;
				CLANG_WARN_OBJC_LITERAL_CONVERSION = YES;
				CLANG_WARN_OBJC_ROOT_CLASS = YES_ERROR;
				CLANG_WARN_QUOTED_INCLUDE_IN_FRAMEWORK_HEADER = YES;
				CLANG_WARN_RANGE_LOOP_ANALYSIS = YES;
				CLANG_WARN_STRICT_PROTOTYPES = YES;
				CLANG_WARN_SUSPICIOUS_MOVE = YES;
				CLANG_WARN_UNGUARDED_AVAILABILITY = YES_AGGRESSIVE;
				CLANG_WARN_UNREACHABLE_CODE = YES;
				CLANG_WARN__DUPLICATE_METHOD_MATCH = YES;
				COPY_PHASE_STRIP = NO;
				DEBUG_INFORMATION_FORMAT = dwarf;
				ENABLE_STRICT_OBJC_MSGSEND = YES;
				ENABLE_TESTABILITY = YES;
				ENABLE_USER_SCRIPT_SANDBOXING = YES;
				GCC_C_LANGUAGE_STANDARD = gnu17;
				GCC_DYNAMIC_NO_PIC = NO;
				GCC_NO_COMMON_BLOCKS = YES;
				GCC_OPTIMIZATION_LEVEL = 0;
				GCC_PREPROCESSOR_DEFINITIONS = (
					"DEBUG=1",
					"$(inherited)",
				);
				GCC_WARN_64_TO_32_BIT_CONVERSION = YES;
				GCC_WARN_ABOUT_RETURN_TYPE = YES_ERROR;
				GCC_WARN_UNDECLARED_SELECTOR = YES;
				GCC_WARN_UNINITIALIZED_AUTOS = YES_AGGRESSIVE;
				GCC_WARN_UNUSED_FUNCTION = YES;
				GCC_WARN_UNUSED_VARIABLE = YES;
				IPHONEOS_DEPLOYMENT_TARGET = 17.4;
				LOCALIZATION_PREFERS_STRING_CATALOGS = YES;
				MTL_ENABLE_DEBUG_INFO = INCLUDE_SOURCE;
				MTL_FAST_MATH = YES;
				ONLY_ACTIVE_ARCH = YES;
				SDKROOT = iphoneos;
				SWIFT_ACTIVE_COMPILATION_CONDITIONS = "DEBUG $(inherited)";
				SWIFT_OPTIMIZATION_LEVEL = "-Onone";
			};
			name = Debug;
		};
		A47285CD2C13FC2B003DDC64 /* Release */ = {
			isa = XCBuildConfiguration;
			buildSettings = {
				ALWAYS_SEARCH_USER_PATHS = NO;
				ASSETCATALOG_COMPILER_GENERATE_SWIFT_ASSET_SYMBOL_EXTENSIONS = YES;
				CLANG_ANALYZER_NONNULL = YES;
				CLANG_ANALYZER_NUMBER_OBJECT_CONVERSION = YES_AGGRESSIVE;
				CLANG_CXX_LANGUAGE_STANDARD = "gnu++20";
				CLANG_ENABLE_MODULES = YES;
				CLANG_ENABLE_OBJC_ARC = YES;
				CLANG_ENABLE_OBJC_WEAK = YES;
				CLANG_WARN_BLOCK_CAPTURE_AUTORELEASING = YES;
				CLANG_WARN_BOOL_CONVERSION = YES;
				CLANG_WARN_COMMA = YES;
				CLANG_WARN_CONSTANT_CONVERSION = YES;
				CLANG_WARN_DEPRECATED_OBJC_IMPLEMENTATIONS = YES;
				CLANG_WARN_DIRECT_OBJC_ISA_USAGE = YES_ERROR;
				CLANG_WARN_DOCUMENTATION_COMMENTS = YES;
				CLANG_WARN_EMPTY_BODY = YES;
				CLANG_WARN_ENUM_CONVERSION = YES;
				CLANG_WARN_INFINITE_RECURSION = YES;
				CLANG_WARN_INT_CONVERSION = YES;
				CLANG_WARN_NON_LITERAL_NULL_CONVERSION = YES;
				CLANG_WARN_OBJC_IMPLICIT_RETAIN_SELF = YES;
				CLANG_WARN_OBJC_LITERAL_CONVERSION = YES;
				CLANG_WARN_OBJC_ROOT_CLASS = YES_ERROR;
				CLANG_WARN_QUOTED_INCLUDE_IN_FRAMEWORK_HEADER = YES;
				CLANG_WARN_RANGE_LOOP_ANALYSIS = YES;
				CLANG_WARN_STRICT_PROTOTYPES = YES;
				CLANG_WARN_SUSPICIOUS_MOVE = YES;
				CLANG_WARN_UNGUARDED_AVAILABILITY = YES_AGGRESSIVE;
				CLANG_WARN_UNREACHABLE_CODE = YES;
				CLANG_WARN__DUPLICATE_METHOD_MATCH = YES;
				COPY_PHASE_STRIP = NO;
				DEBUG_INFORMATION_FORMAT = "dwarf-with-dsym";
				ENABLE_NS_ASSERTIONS = NO;
				ENABLE_STRICT_OBJC_MSGSEND = YES;
				ENABLE_USER_SCRIPT_SANDBOXING = YES;
				GCC_C_LANGUAGE_STANDARD = gnu17;
				GCC_NO_COMMON_BLOCKS = YES;
				GCC_WARN_64_TO_32_BIT_CONVERSION = YES;
				GCC_WARN_ABOUT_RETURN_TYPE = YES_ERROR;
				GCC_WARN_UNDECLARED_SELECTOR = YES;
				GCC_WARN_UNINITIALIZED_AUTOS = YES_AGGRESSIVE;
				GCC_WARN_UNUSED_FUNCTION = YES;
				GCC_WARN_UNUSED_VARIABLE = YES;
				IPHONEOS_DEPLOYMENT_TARGET = 17.4;
				LOCALIZATION_PREFERS_STRING_CATALOGS = YES;
				MTL_ENABLE_DEBUG_INFO = NO;
				MTL_FAST_MATH = YES;
				SDKROOT = iphoneos;
				SWIFT_COMPILATION_MODE = wholemodule;
				VALIDATE_PRODUCT = YES;
			};
			name = Release;
		};
		A47285CF2C13FC2B003DDC64 /* Debug */ = {
			isa = XCBuildConfiguration;
			buildSettings = {
				ASSETCATALOG_COMPILER_APPICON_NAME = AppIcon;
				ASSETCATALOG_COMPILER_GLOBAL_ACCENT_COLOR_NAME = AccentColor;
				CODE_SIGN_STYLE = Automatic;
				CURRENT_PROJECT_VERSION = 1;
				DEVELOPMENT_TEAM = S89Z92E5EE;
				GENERATE_INFOPLIST_FILE = YES;
				INFOPLIST_FILE = Bank/Info.plist;
				INFOPLIST_KEY_UIApplicationSupportsIndirectInputEvents = YES;
				INFOPLIST_KEY_UILaunchStoryboardName = LaunchScreen;
				INFOPLIST_KEY_UIMainStoryboardFile = Main;
				INFOPLIST_KEY_UISupportedInterfaceOrientations = UIInterfaceOrientationPortrait;
				INFOPLIST_KEY_UISupportedInterfaceOrientations_iPad = "UIInterfaceOrientationPortrait UIInterfaceOrientationPortraitUpsideDown";
				IPHONEOS_DEPLOYMENT_TARGET = 16.0;
				LD_RUNPATH_SEARCH_PATHS = (
					"$(inherited)",
					"@executable_path/Frameworks",
				);
				MARKETING_VERSION = 1.0;
				PRODUCT_BUNDLE_IDENTIFIER = ios.work.Bank;
				PRODUCT_NAME = "$(TARGET_NAME)";
				SWIFT_EMIT_LOC_STRINGS = YES;
				SWIFT_VERSION = 5.0;
				TARGETED_DEVICE_FAMILY = "1,2";
			};
			name = Debug;
		};
		A47285D02C13FC2B003DDC64 /* Release */ = {
			isa = XCBuildConfiguration;
			buildSettings = {
				ASSETCATALOG_COMPILER_APPICON_NAME = AppIcon;
				ASSETCATALOG_COMPILER_GLOBAL_ACCENT_COLOR_NAME = AccentColor;
				CODE_SIGN_STYLE = Automatic;
				CURRENT_PROJECT_VERSION = 1;
				DEVELOPMENT_TEAM = S89Z92E5EE;
				GENERATE_INFOPLIST_FILE = YES;
				INFOPLIST_FILE = Bank/Info.plist;
				INFOPLIST_KEY_UIApplicationSupportsIndirectInputEvents = YES;
				INFOPLIST_KEY_UILaunchStoryboardName = LaunchScreen;
				INFOPLIST_KEY_UIMainStoryboardFile = Main;
				INFOPLIST_KEY_UISupportedInterfaceOrientations = UIInterfaceOrientationPortrait;
				INFOPLIST_KEY_UISupportedInterfaceOrientations_iPad = "UIInterfaceOrientationPortrait UIInterfaceOrientationPortraitUpsideDown";
				IPHONEOS_DEPLOYMENT_TARGET = 16.0;
				LD_RUNPATH_SEARCH_PATHS = (
					"$(inherited)",
					"@executable_path/Frameworks",
				);
				MARKETING_VERSION = 1.0;
				PRODUCT_BUNDLE_IDENTIFIER = ios.work.Bank;
				PRODUCT_NAME = "$(TARGET_NAME)";
				SWIFT_EMIT_LOC_STRINGS = YES;
				SWIFT_VERSION = 5.0;
				TARGETED_DEVICE_FAMILY = "1,2";
			};
			name = Release;
		};
		A472861D2C13FE52003DDC64 /* Debug */ = {
			isa = XCBuildConfiguration;
			buildSettings = {
				BUNDLE_LOADER = "$(TEST_HOST)";
				CODE_SIGN_STYLE = Automatic;
				CURRENT_PROJECT_VERSION = 1;
				DEVELOPMENT_TEAM = S89Z92E5EE;
				GENERATE_INFOPLIST_FILE = YES;
				MARKETING_VERSION = 1.0;
				PRODUCT_BUNDLE_IDENTIFIER = ios.work.BankTests;
				PRODUCT_NAME = "$(TARGET_NAME)";
				SWIFT_EMIT_LOC_STRINGS = NO;
				SWIFT_VERSION = 5.0;
				TARGETED_DEVICE_FAMILY = "1,2";
				TEST_HOST = "$(BUILT_PRODUCTS_DIR)/Bank.app/$(BUNDLE_EXECUTABLE_FOLDER_PATH)/Bank";
			};
			name = Debug;
		};
		A472861E2C13FE52003DDC64 /* Release */ = {
			isa = XCBuildConfiguration;
			buildSettings = {
				BUNDLE_LOADER = "$(TEST_HOST)";
				CODE_SIGN_STYLE = Automatic;
				CURRENT_PROJECT_VERSION = 1;
				DEVELOPMENT_TEAM = S89Z92E5EE;
				GENERATE_INFOPLIST_FILE = YES;
				MARKETING_VERSION = 1.0;
				PRODUCT_BUNDLE_IDENTIFIER = ios.work.BankTests;
				PRODUCT_NAME = "$(TARGET_NAME)";
				SWIFT_EMIT_LOC_STRINGS = NO;
				SWIFT_VERSION = 5.0;
				TARGETED_DEVICE_FAMILY = "1,2";
				TEST_HOST = "$(BUILT_PRODUCTS_DIR)/Bank.app/$(BUNDLE_EXECUTABLE_FOLDER_PATH)/Bank";
			};
			name = Release;
		};
/* End XCBuildConfiguration section */

/* Begin XCConfigurationList section */
		A47285B52C13FC29003DDC64 /* Build configuration list for PBXProject "Bank" */ = {
			isa = XCConfigurationList;
			buildConfigurations = (
				A47285CC2C13FC2B003DDC64 /* Debug */,
				A47285CD2C13FC2B003DDC64 /* Release */,
			);
			defaultConfigurationIsVisible = 0;
			defaultConfigurationName = Release;
		};
		A47285CE2C13FC2B003DDC64 /* Build configuration list for PBXNativeTarget "Bank" */ = {
			isa = XCConfigurationList;
			buildConfigurations = (
				A47285CF2C13FC2B003DDC64 /* Debug */,
				A47285D02C13FC2B003DDC64 /* Release */,
			);
			defaultConfigurationIsVisible = 0;
			defaultConfigurationName = Release;
		};
		A472861C2C13FE52003DDC64 /* Build configuration list for PBXNativeTarget "BankTests" */ = {
			isa = XCConfigurationList;
			buildConfigurations = (
				A472861D2C13FE52003DDC64 /* Debug */,
				A472861E2C13FE52003DDC64 /* Release */,
			);
			defaultConfigurationIsVisible = 0;
			defaultConfigurationName = Release;
		};
/* End XCConfigurationList section */
	};
	rootObject = A47285B22C13FC29003DDC64 /* Project object */;
}
